
Microsoft Visual Studio Solution File, Format Version 12.00
# Visual Studio Version 17
VisualStudioVersion = 17.5.33530.505
MinimumVisualStudioVersion = 10.0.40219.1
Project("{FAE04EC0-301F-11D3-BF4B-00C04F79EFBC}") = "WPF_Restart_Task", "WPF_Restart_Task\WPF_Restart_Task.csproj", "{D73334F1-980C-4FF9-98E7-18EB8D0530CF}"
EndProject
Global
	GlobalSection(SolutionConfigurationPlatforms) = preSolution
		Debug|Any CPU = Debug|Any CPU
		Release|Any CPU = Release|Any CPU
	EndGlobalSection
	GlobalSection(ProjectConfigurationPlatforms) = postSolution
		{D73334F1-980C-4FF9-98E7-18EB8D0530CF}.Debug|Any CPU.ActiveCfg = Debug|Any CPU
		{D73334F1-980C-4FF9-98E7-18EB8D0530CF}.Debug|Any CPU.Build.0 = Debug|Any CPU
		{D73334F1-980C-4FF9-98E7-18EB8D0530CF}.Release|Any CPU.ActiveCfg = Release|Any CPU
		{D73334F1-980C-4FF9-98E7-18EB8D0530CF}.Release|Any CPU.Build.0 = Release|Any CPU
	EndGlobalSection
	GlobalSection(SolutionProperties) = preSolution
		HideSolutionNode = FALSE
	EndGlobalSection
	GlobalSection(ExtensibilityGlobals) = postSolution
		SolutionGuid = {CBF9AFA1-E363-4B5D-AF49-42D3FC311178}
	EndGlobalSection
EndGlobal
