
Microsoft Visual Studio Solution File, Format Version 12.00
# Visual Studio Version 17
VisualStudioVersion = 17.1.32210.238
MinimumVisualStudioVersion = 10.0.40219.1
Project("{FAE04EC0-301F-11D3-BF4B-00C04F79EFBC}") = "20220531_delegate_plus_minus", "20220531_delegate_plus_minus\20220531_delegate_plus_minus.csproj", "{3E424282-36FC-439E-89D3-7879A46EDAB0}"
EndProject
Global
	GlobalSection(SolutionConfigurationPlatforms) = preSolution
		Debug|Any CPU = Debug|Any CPU
		Release|Any CPU = Release|Any CPU
	EndGlobalSection
	GlobalSection(ProjectConfigurationPlatforms) = postSolution
		{3E424282-36FC-439E-89D3-7879A46EDAB0}.Debug|Any CPU.ActiveCfg = Debug|Any CPU
		{3E424282-36FC-439E-89D3-7879A46EDAB0}.Debug|Any CPU.Build.0 = Debug|Any CPU
		{3E424282-36FC-439E-89D3-7879A46EDAB0}.Release|Any CPU.ActiveCfg = Release|Any CPU
		{3E424282-36FC-439E-89D3-7879A46EDAB0}.Release|Any CPU.Build.0 = Release|Any CPU
	EndGlobalSection
	GlobalSection(SolutionProperties) = preSolution
		HideSolutionNode = FALSE
	EndGlobalSection
	GlobalSection(ExtensibilityGlobals) = postSolution
		SolutionGuid = {6004FE57-D817-49E4-8092-A73DAC52D303}
	EndGlobalSection
EndGlobal
