
Microsoft Visual Studio Solution File, Format Version 12.00
# Visual Studio Version 17
VisualStudioVersion = 17.4.33122.133
MinimumVisualStudioVersion = 10.0.40219.1
Project("{FAE04EC0-301F-11D3-BF4B-00C04F79EFBC}") = "GrpcService_Hello", "GrpcService_Hello\GrpcService_Hello.csproj", "{F4F16EDD-6EE8-4372-9D9E-7B84C89F04D5}"
EndProject
Project("{FAE04EC0-301F-11D3-BF4B-00C04F79EFBC}") = "Client", "Client\Client.csproj", "{C2C7710D-C02F-436D-A950-76F861F9C6EC}"
EndProject
Global
	GlobalSection(SolutionConfigurationPlatforms) = preSolution
		Debug|Any CPU = Debug|Any CPU
		Release|Any CPU = Release|Any CPU
	EndGlobalSection
	GlobalSection(ProjectConfigurationPlatforms) = postSolution
		{F4F16EDD-6EE8-4372-9D9E-7B84C89F04D5}.Debug|Any CPU.ActiveCfg = Debug|Any CPU
		{F4F16EDD-6EE8-4372-9D9E-7B84C89F04D5}.Debug|Any CPU.Build.0 = Debug|Any CPU
		{F4F16EDD-6EE8-4372-9D9E-7B84C89F04D5}.Release|Any CPU.ActiveCfg = Release|Any CPU
		{F4F16EDD-6EE8-4372-9D9E-7B84C89F04D5}.Release|Any CPU.Build.0 = Release|Any CPU
		{C2C7710D-C02F-436D-A950-76F861F9C6EC}.Debug|Any CPU.ActiveCfg = Debug|Any CPU
		{C2C7710D-C02F-436D-A950-76F861F9C6EC}.Debug|Any CPU.Build.0 = Debug|Any CPU
		{C2C7710D-C02F-436D-A950-76F861F9C6EC}.Release|Any CPU.ActiveCfg = Release|Any CPU
		{C2C7710D-C02F-436D-A950-76F861F9C6EC}.Release|Any CPU.Build.0 = Release|Any CPU
	EndGlobalSection
	GlobalSection(SolutionProperties) = preSolution
		HideSolutionNode = FALSE
	EndGlobalSection
	GlobalSection(ExtensibilityGlobals) = postSolution
		SolutionGuid = {DEE75E08-E92C-45DE-A6BA-50FAB5EE7806}
	EndGlobalSection
EndGlobal
