
Microsoft Visual Studio Solution File, Format Version 12.00
# Visual Studio Version 17
VisualStudioVersion = 17.4.33213.308
MinimumVisualStudioVersion = 10.0.40219.1
Project("{9A19103F-16F7-4668-BE54-9A1E7A4F7556}") = "WPF_Python", "WPF_Python\WPF_Python.csproj", "{D3392B77-2D3E-4DE6-B63A-C0EB2C7C3172}"
EndProject
Project("{888888A0-9F3D-457C-B088-3A5042F75D52}") = "DataControl", "DataControl\DataControl.pyproj", "{9705C69B-FBFE-44A1-B20B-FD2CF24B5130}"
EndProject
Global
	GlobalSection(SolutionConfigurationPlatforms) = preSolution
		Debug|Any CPU = Debug|Any CPU
		Release|Any CPU = Release|Any CPU
	EndGlobalSection
	GlobalSection(ProjectConfigurationPlatforms) = postSolution
		{D3392B77-2D3E-4DE6-B63A-C0EB2C7C3172}.Debug|Any CPU.ActiveCfg = Debug|Any CPU
		{D3392B77-2D3E-4DE6-B63A-C0EB2C7C3172}.Debug|Any CPU.Build.0 = Debug|Any CPU
		{D3392B77-2D3E-4DE6-B63A-C0EB2C7C3172}.Release|Any CPU.ActiveCfg = Release|Any CPU
		{D3392B77-2D3E-4DE6-B63A-C0EB2C7C3172}.Release|Any CPU.Build.0 = Release|Any CPU
		{9705C69B-FBFE-44A1-B20B-FD2CF24B5130}.Debug|Any CPU.ActiveCfg = Debug|Any CPU
		{9705C69B-FBFE-44A1-B20B-FD2CF24B5130}.Release|Any CPU.ActiveCfg = Release|Any CPU
	EndGlobalSection
	GlobalSection(SolutionProperties) = preSolution
		HideSolutionNode = FALSE
	EndGlobalSection
	GlobalSection(ExtensibilityGlobals) = postSolution
		SolutionGuid = {C698CC89-5DB9-435F-A157-560CE9A0D644}
	EndGlobalSection
EndGlobal
