
Microsoft Visual Studio Solution File, Format Version 12.00
# Visual Studio Version 17
VisualStudioVersion = 17.1.32210.238
MinimumVisualStudioVersion = 10.0.40219.1
Project("{FAE04EC0-301F-11D3-BF4B-00C04F79EFBC}") = "220419_7weeks", "220419_7weeks\220419_7weeks.csproj", "{CDCC67CF-C815-4B34-A033-994613B46232}"
EndProject
Global
	GlobalSection(SolutionConfigurationPlatforms) = preSolution
		Debug|Any CPU = Debug|Any CPU
		Release|Any CPU = Release|Any CPU
	EndGlobalSection
	GlobalSection(ProjectConfigurationPlatforms) = postSolution
		{CDCC67CF-C815-4B34-A033-994613B46232}.Debug|Any CPU.ActiveCfg = Debug|Any CPU
		{CDCC67CF-C815-4B34-A033-994613B46232}.Debug|Any CPU.Build.0 = Debug|Any CPU
		{CDCC67CF-C815-4B34-A033-994613B46232}.Release|Any CPU.ActiveCfg = Release|Any CPU
		{CDCC67CF-C815-4B34-A033-994613B46232}.Release|Any CPU.Build.0 = Release|Any CPU
	EndGlobalSection
	GlobalSection(SolutionProperties) = preSolution
		HideSolutionNode = FALSE
	EndGlobalSection
	GlobalSection(ExtensibilityGlobals) = postSolution
		SolutionGuid = {7963CC20-4ABF-4021-9D20-7677ED44EE44}
	EndGlobalSection
EndGlobal
