
Microsoft Visual Studio Solution File, Format Version 12.00
# Visual Studio Version 17
VisualStudioVersion = 17.5.33530.505
MinimumVisualStudioVersion = 10.0.40219.1
Project("{FAE04EC0-301F-11D3-BF4B-00C04F79EFBC}") = "WPF_MVVM_ICommand", "WPF_MVVM_ICommand\WPF_MVVM_ICommand.csproj", "{3CB14CDB-DACE-4913-914C-E7844C9CF4C1}"
EndProject
Global
	GlobalSection(SolutionConfigurationPlatforms) = preSolution
		Debug|Any CPU = Debug|Any CPU
		Release|Any CPU = Release|Any CPU
	EndGlobalSection
	GlobalSection(ProjectConfigurationPlatforms) = postSolution
		{3CB14CDB-DACE-4913-914C-E7844C9CF4C1}.Debug|Any CPU.ActiveCfg = Debug|Any CPU
		{3CB14CDB-DACE-4913-914C-E7844C9CF4C1}.Debug|Any CPU.Build.0 = Debug|Any CPU
		{3CB14CDB-DACE-4913-914C-E7844C9CF4C1}.Release|Any CPU.ActiveCfg = Release|Any CPU
		{3CB14CDB-DACE-4913-914C-E7844C9CF4C1}.Release|Any CPU.Build.0 = Release|Any CPU
	EndGlobalSection
	GlobalSection(SolutionProperties) = preSolution
		HideSolutionNode = FALSE
	EndGlobalSection
	GlobalSection(ExtensibilityGlobals) = postSolution
		SolutionGuid = {3F684FAB-CDB0-4760-84A2-81B4FCEE42A5}
	EndGlobalSection
EndGlobal
