
Microsoft Visual Studio Solution File, Format Version 12.00
# Visual Studio Version 17
VisualStudioVersion = 17.5.33424.131
MinimumVisualStudioVersion = 10.0.40219.1
Project("{FAE04EC0-301F-11D3-BF4B-00C04F79EFBC}") = "WPF_Style", "WPF_Style\WPF_Style.csproj", "{FD38B6F6-FB18-43D8-AEE6-D3F15431ACB5}"
EndProject
Global
	GlobalSection(SolutionConfigurationPlatforms) = preSolution
		Debug|Any CPU = Debug|Any CPU
		Release|Any CPU = Release|Any CPU
	EndGlobalSection
	GlobalSection(ProjectConfigurationPlatforms) = postSolution
		{FD38B6F6-FB18-43D8-AEE6-D3F15431ACB5}.Debug|Any CPU.ActiveCfg = Debug|Any CPU
		{FD38B6F6-FB18-43D8-AEE6-D3F15431ACB5}.Debug|Any CPU.Build.0 = Debug|Any CPU
		{FD38B6F6-FB18-43D8-AEE6-D3F15431ACB5}.Release|Any CPU.ActiveCfg = Release|Any CPU
		{FD38B6F6-FB18-43D8-AEE6-D3F15431ACB5}.Release|Any CPU.Build.0 = Release|Any CPU
	EndGlobalSection
	GlobalSection(SolutionProperties) = preSolution
		HideSolutionNode = FALSE
	EndGlobalSection
	GlobalSection(ExtensibilityGlobals) = postSolution
		SolutionGuid = {6E67C6E6-BE6A-4DDF-9ECA-56B3314F62DE}
	EndGlobalSection
EndGlobal
