
Microsoft Visual Studio Solution File, Format Version 12.00
# Visual Studio Version 17
VisualStudioVersion = 17.5.33530.505
MinimumVisualStudioVersion = 10.0.40219.1
Project("{FAE04EC0-301F-11D3-BF4B-00C04F79EFBC}") = "WPF_Task_CancellationToken", "WPF_Task_CancellationToken\WPF_Task_CancellationToken.csproj", "{493198EC-3DBB-47AF-A2ED-206576129785}"
EndProject
Global
	GlobalSection(SolutionConfigurationPlatforms) = preSolution
		Debug|Any CPU = Debug|Any CPU
		Release|Any CPU = Release|Any CPU
	EndGlobalSection
	GlobalSection(ProjectConfigurationPlatforms) = postSolution
		{493198EC-3DBB-47AF-A2ED-206576129785}.Debug|Any CPU.ActiveCfg = Debug|Any CPU
		{493198EC-3DBB-47AF-A2ED-206576129785}.Debug|Any CPU.Build.0 = Debug|Any CPU
		{493198EC-3DBB-47AF-A2ED-206576129785}.Release|Any CPU.ActiveCfg = Release|Any CPU
		{493198EC-3DBB-47AF-A2ED-206576129785}.Release|Any CPU.Build.0 = Release|Any CPU
	EndGlobalSection
	GlobalSection(SolutionProperties) = preSolution
		HideSolutionNode = FALSE
	EndGlobalSection
	GlobalSection(ExtensibilityGlobals) = postSolution
		SolutionGuid = {6FB1F779-C3AD-454B-90FE-B61A613803B8}
	EndGlobalSection
EndGlobal
