
Microsoft Visual Studio Solution File, Format Version 12.00
# Visual Studio Version 17
VisualStudioVersion = 17.5.33530.505
MinimumVisualStudioVersion = 10.0.40219.1
Project("{FAE04EC0-301F-11D3-BF4B-00C04F79EFBC}") = "WPF_Show_WindowProcess", "WPF_Show_WindowProcess\WPF_Show_WindowProcess.csproj", "{4EBFD345-E9D9-44F1-94C5-07E6CD87E255}"
EndProject
Global
	GlobalSection(SolutionConfigurationPlatforms) = preSolution
		Debug|Any CPU = Debug|Any CPU
		Release|Any CPU = Release|Any CPU
	EndGlobalSection
	GlobalSection(ProjectConfigurationPlatforms) = postSolution
		{4EBFD345-E9D9-44F1-94C5-07E6CD87E255}.Debug|Any CPU.ActiveCfg = Debug|Any CPU
		{4EBFD345-E9D9-44F1-94C5-07E6CD87E255}.Debug|Any CPU.Build.0 = Debug|Any CPU
		{4EBFD345-E9D9-44F1-94C5-07E6CD87E255}.Release|Any CPU.ActiveCfg = Release|Any CPU
		{4EBFD345-E9D9-44F1-94C5-07E6CD87E255}.Release|Any CPU.Build.0 = Release|Any CPU
	EndGlobalSection
	GlobalSection(SolutionProperties) = preSolution
		HideSolutionNode = FALSE
	EndGlobalSection
	GlobalSection(ExtensibilityGlobals) = postSolution
		SolutionGuid = {15DB02F4-189E-4074-BE82-89CB2CABF2E5}
	EndGlobalSection
EndGlobal
