
Microsoft Visual Studio Solution File, Format Version 12.00
# Visual Studio Version 17
VisualStudioVersion = 17.4.33122.133
MinimumVisualStudioVersion = 10.0.40219.1
Project("{FAE04EC0-301F-11D3-BF4B-00C04F79EFBC}") = "SybolicMathSolver.client", "SybolicMathSolver.client\SybolicMathSolver.client.csproj", "{A0C9CD92-F7AC-4EAC-8A03-1B070A21C413}"
EndProject
Global
	GlobalSection(SolutionConfigurationPlatforms) = preSolution
		Debug|Any CPU = Debug|Any CPU
		Release|Any CPU = Release|Any CPU
	EndGlobalSection
	GlobalSection(ProjectConfigurationPlatforms) = postSolution
		{A0C9CD92-F7AC-4EAC-8A03-1B070A21C413}.Debug|Any CPU.ActiveCfg = Debug|Any CPU
		{A0C9CD92-F7AC-4EAC-8A03-1B070A21C413}.Debug|Any CPU.Build.0 = Debug|Any CPU
		{A0C9CD92-F7AC-4EAC-8A03-1B070A21C413}.Release|Any CPU.ActiveCfg = Release|Any CPU
		{A0C9CD92-F7AC-4EAC-8A03-1B070A21C413}.Release|Any CPU.Build.0 = Release|Any CPU
	EndGlobalSection
	GlobalSection(SolutionProperties) = preSolution
		HideSolutionNode = FALSE
	EndGlobalSection
	GlobalSection(ExtensibilityGlobals) = postSolution
		SolutionGuid = {1B507099-D15D-42B9-84FF-1EA4D89ACD0B}
	EndGlobalSection
EndGlobal
