
Microsoft Visual Studio Solution File, Format Version 12.00
# Visual Studio Version 17
VisualStudioVersion = 17.5.33530.505
MinimumVisualStudioVersion = 10.0.40219.1
Project("{FAE04EC0-301F-11D3-BF4B-00C04F79EFBC}") = "WPF_ControlHost_Example", "WPF_ControlHost_Example\WPF_ControlHost_Example.csproj", "{B9E035B4-CF47-433A-9DFB-6234241A6B5E}"
EndProject
Global
	GlobalSection(SolutionConfigurationPlatforms) = preSolution
		Debug|Any CPU = Debug|Any CPU
		Release|Any CPU = Release|Any CPU
	EndGlobalSection
	GlobalSection(ProjectConfigurationPlatforms) = postSolution
		{B9E035B4-CF47-433A-9DFB-6234241A6B5E}.Debug|Any CPU.ActiveCfg = Debug|Any CPU
		{B9E035B4-CF47-433A-9DFB-6234241A6B5E}.Debug|Any CPU.Build.0 = Debug|Any CPU
		{B9E035B4-CF47-433A-9DFB-6234241A6B5E}.Release|Any CPU.ActiveCfg = Release|Any CPU
		{B9E035B4-CF47-433A-9DFB-6234241A6B5E}.Release|Any CPU.Build.0 = Release|Any CPU
	EndGlobalSection
	GlobalSection(SolutionProperties) = preSolution
		HideSolutionNode = FALSE
	EndGlobalSection
	GlobalSection(ExtensibilityGlobals) = postSolution
		SolutionGuid = {2A4F9E8D-1648-41DE-A50E-ECF52E56452C}
	EndGlobalSection
EndGlobal
