
Microsoft Visual Studio Solution File, Format Version 12.00
# Visual Studio Version 17
VisualStudioVersion = 17.1.32210.238
MinimumVisualStudioVersion = 10.0.40219.1
Project("{FAE04EC0-301F-11D3-BF4B-00C04F79EFBC}") = "Library_Manager_V1.0", "Library_Manager_V1.0.csproj", "{E500AFA1-EB58-4C22-8A80-630BDEC12358}"
EndProject
Global
	GlobalSection(SolutionConfigurationPlatforms) = preSolution
		Debug|Any CPU = Debug|Any CPU
		Release|Any CPU = Release|Any CPU
	EndGlobalSection
	GlobalSection(ProjectConfigurationPlatforms) = postSolution
		{E500AFA1-EB58-4C22-8A80-630BDEC12358}.Debug|Any CPU.ActiveCfg = Debug|Any CPU
		{E500AFA1-EB58-4C22-8A80-630BDEC12358}.Debug|Any CPU.Build.0 = Debug|Any CPU
		{E500AFA1-EB58-4C22-8A80-630BDEC12358}.Release|Any CPU.ActiveCfg = Release|Any CPU
		{E500AFA1-EB58-4C22-8A80-630BDEC12358}.Release|Any CPU.Build.0 = Release|Any CPU
	EndGlobalSection
	GlobalSection(SolutionProperties) = preSolution
		HideSolutionNode = FALSE
	EndGlobalSection
	GlobalSection(ExtensibilityGlobals) = postSolution
		SolutionGuid = {341E5B8C-3600-434A-B7A4-4179B1E05C0B}
	EndGlobalSection
EndGlobal
