
Microsoft Visual Studio Solution File, Format Version 12.00
# Visual Studio Version 17
VisualStudioVersion = 17.4.33122.133
MinimumVisualStudioVersion = 10.0.40219.1
Project("{FAE04EC0-301F-11D3-BF4B-00C04F79EFBC}") = "SymbolicMathSolver.Server", "SymbolicMathSolver.Server\SymbolicMathSolver.Server.csproj", "{9CDA31C7-66ED-470E-87E0-1325D0173F4D}"
EndProject
Global
	GlobalSection(SolutionConfigurationPlatforms) = preSolution
		Debug|Any CPU = Debug|Any CPU
		Release|Any CPU = Release|Any CPU
	EndGlobalSection
	GlobalSection(ProjectConfigurationPlatforms) = postSolution
		{9CDA31C7-66ED-470E-87E0-1325D0173F4D}.Debug|Any CPU.ActiveCfg = Debug|Any CPU
		{9CDA31C7-66ED-470E-87E0-1325D0173F4D}.Debug|Any CPU.Build.0 = Debug|Any CPU
		{9CDA31C7-66ED-470E-87E0-1325D0173F4D}.Release|Any CPU.ActiveCfg = Release|Any CPU
		{9CDA31C7-66ED-470E-87E0-1325D0173F4D}.Release|Any CPU.Build.0 = Release|Any CPU
	EndGlobalSection
	GlobalSection(SolutionProperties) = preSolution
		HideSolutionNode = FALSE
	EndGlobalSection
	GlobalSection(ExtensibilityGlobals) = postSolution
		SolutionGuid = {68D41766-3B21-4809-94EA-638B399E1C00}
	EndGlobalSection
EndGlobal
