
Microsoft Visual Studio Solution File, Format Version 12.00
# Visual Studio Version 17
VisualStudioVersion = 17.1.32210.238
MinimumVisualStudioVersion = 10.0.40219.1
Project("{FAE04EC0-301F-11D3-BF4B-00C04F79EFBC}") = "220607_XML", "220607_XML\220607_XML.csproj", "{FD5C7F33-4F7C-4041-99F5-75B9E974EF51}"
EndProject
Global
	GlobalSection(SolutionConfigurationPlatforms) = preSolution
		Debug|Any CPU = Debug|Any CPU
		Release|Any CPU = Release|Any CPU
	EndGlobalSection
	GlobalSection(ProjectConfigurationPlatforms) = postSolution
		{FD5C7F33-4F7C-4041-99F5-75B9E974EF51}.Debug|Any CPU.ActiveCfg = Debug|Any CPU
		{FD5C7F33-4F7C-4041-99F5-75B9E974EF51}.Debug|Any CPU.Build.0 = Debug|Any CPU
		{FD5C7F33-4F7C-4041-99F5-75B9E974EF51}.Release|Any CPU.ActiveCfg = Release|Any CPU
		{FD5C7F33-4F7C-4041-99F5-75B9E974EF51}.Release|Any CPU.Build.0 = Release|Any CPU
	EndGlobalSection
	GlobalSection(SolutionProperties) = preSolution
		HideSolutionNode = FALSE
	EndGlobalSection
	GlobalSection(ExtensibilityGlobals) = postSolution
		SolutionGuid = {CD19BB28-D364-4D83-9A8E-7889640EAAB0}
	EndGlobalSection
EndGlobal
