
Microsoft Visual Studio Solution File, Format Version 12.00
# Visual Studio Version 17
VisualStudioVersion = 17.1.32210.238
MinimumVisualStudioVersion = 10.0.40219.1
Project("{FAE04EC0-301F-11D3-BF4B-00C04F79EFBC}") = "220412_Winform", "220412_Winform\220412_Winform.csproj", "{50E77E33-54BF-4958-AA66-5FE98E7A39A9}"
EndProject
Global
	GlobalSection(SolutionConfigurationPlatforms) = preSolution
		Debug|Any CPU = Debug|Any CPU
		Release|Any CPU = Release|Any CPU
	EndGlobalSection
	GlobalSection(ProjectConfigurationPlatforms) = postSolution
		{50E77E33-54BF-4958-AA66-5FE98E7A39A9}.Debug|Any CPU.ActiveCfg = Debug|Any CPU
		{50E77E33-54BF-4958-AA66-5FE98E7A39A9}.Debug|Any CPU.Build.0 = Debug|Any CPU
		{50E77E33-54BF-4958-AA66-5FE98E7A39A9}.Release|Any CPU.ActiveCfg = Release|Any CPU
		{50E77E33-54BF-4958-AA66-5FE98E7A39A9}.Release|Any CPU.Build.0 = Release|Any CPU
	EndGlobalSection
	GlobalSection(SolutionProperties) = preSolution
		HideSolutionNode = FALSE
	EndGlobalSection
	GlobalSection(ExtensibilityGlobals) = postSolution
		SolutionGuid = {494BEECC-9359-4278-938B-9EAE24079203}
	EndGlobalSection
EndGlobal
