
Microsoft Visual Studio Solution File, Format Version 12.00
# Visual Studio Version 17
VisualStudioVersion = 17.1.32210.238
MinimumVisualStudioVersion = 10.0.40219.1
Project("{FAE04EC0-301F-11D3-BF4B-00C04F79EFBC}") = "20220531_Thread", "20220531_Thread\20220531_Thread.csproj", "{13B83740-09AD-4CFB-AF27-7194CF772A49}"
EndProject
Global
	GlobalSection(SolutionConfigurationPlatforms) = preSolution
		Debug|Any CPU = Debug|Any CPU
		Release|Any CPU = Release|Any CPU
	EndGlobalSection
	GlobalSection(ProjectConfigurationPlatforms) = postSolution
		{13B83740-09AD-4CFB-AF27-7194CF772A49}.Debug|Any CPU.ActiveCfg = Debug|Any CPU
		{13B83740-09AD-4CFB-AF27-7194CF772A49}.Debug|Any CPU.Build.0 = Debug|Any CPU
		{13B83740-09AD-4CFB-AF27-7194CF772A49}.Release|Any CPU.ActiveCfg = Release|Any CPU
		{13B83740-09AD-4CFB-AF27-7194CF772A49}.Release|Any CPU.Build.0 = Release|Any CPU
	EndGlobalSection
	GlobalSection(SolutionProperties) = preSolution
		HideSolutionNode = FALSE
	EndGlobalSection
	GlobalSection(ExtensibilityGlobals) = postSolution
		SolutionGuid = {1CE0C2F2-036A-41C7-9F28-D30D7BE67FC7}
	EndGlobalSection
EndGlobal
