
Microsoft Visual Studio Solution File, Format Version 12.00
# Visual Studio Version 17
VisualStudioVersion = 17.5.33424.131
MinimumVisualStudioVersion = 10.0.40219.1
Project("{FAE04EC0-301F-11D3-BF4B-00C04F79EFBC}") = "WPF_DateTime_Gadget", "WPF_DateTime_Gadget\WPF_DateTime_Gadget.csproj", "{90386F57-1827-48E7-9CEB-DFF0FA823E3E}"
EndProject
Global
	GlobalSection(SolutionConfigurationPlatforms) = preSolution
		Debug|Any CPU = Debug|Any CPU
		Release|Any CPU = Release|Any CPU
	EndGlobalSection
	GlobalSection(ProjectConfigurationPlatforms) = postSolution
		{90386F57-1827-48E7-9CEB-DFF0FA823E3E}.Debug|Any CPU.ActiveCfg = Debug|Any CPU
		{90386F57-1827-48E7-9CEB-DFF0FA823E3E}.Debug|Any CPU.Build.0 = Debug|Any CPU
		{90386F57-1827-48E7-9CEB-DFF0FA823E3E}.Release|Any CPU.ActiveCfg = Release|Any CPU
		{90386F57-1827-48E7-9CEB-DFF0FA823E3E}.Release|Any CPU.Build.0 = Release|Any CPU
	EndGlobalSection
	GlobalSection(SolutionProperties) = preSolution
		HideSolutionNode = FALSE
	EndGlobalSection
	GlobalSection(ExtensibilityGlobals) = postSolution
		SolutionGuid = {B4CFF4BF-93D1-40C2-95F5-1AF9D153F1EF}
	EndGlobalSection
EndGlobal
