
Microsoft Visual Studio Solution File, Format Version 12.00
# Visual Studio Version 17
VisualStudioVersion = 17.4.33122.133
MinimumVisualStudioVersion = 10.0.40219.1
Project("{FAE04EC0-301F-11D3-BF4B-00C04F79EFBC}") = "Grpc_Interceptor", "Grpc_Interceptor\Grpc_Interceptor.csproj", "{5A1E6D9A-7525-4E21-95C1-0E8EB4A8ECA4}"
EndProject
Project("{FAE04EC0-301F-11D3-BF4B-00C04F79EFBC}") = "Grpc_Client", "Grpc_Client\Grpc_Client.csproj", "{C3915A32-1275-4F82-ADC6-CE347885F8C6}"
EndProject
Global
	GlobalSection(SolutionConfigurationPlatforms) = preSolution
		Debug|Any CPU = Debug|Any CPU
		Release|Any CPU = Release|Any CPU
	EndGlobalSection
	GlobalSection(ProjectConfigurationPlatforms) = postSolution
		{5A1E6D9A-7525-4E21-95C1-0E8EB4A8ECA4}.Debug|Any CPU.ActiveCfg = Debug|Any CPU
		{5A1E6D9A-7525-4E21-95C1-0E8EB4A8ECA4}.Debug|Any CPU.Build.0 = Debug|Any CPU
		{5A1E6D9A-7525-4E21-95C1-0E8EB4A8ECA4}.Release|Any CPU.ActiveCfg = Release|Any CPU
		{5A1E6D9A-7525-4E21-95C1-0E8EB4A8ECA4}.Release|Any CPU.Build.0 = Release|Any CPU
		{C3915A32-1275-4F82-ADC6-CE347885F8C6}.Debug|Any CPU.ActiveCfg = Debug|Any CPU
		{C3915A32-1275-4F82-ADC6-CE347885F8C6}.Debug|Any CPU.Build.0 = Debug|Any CPU
		{C3915A32-1275-4F82-ADC6-CE347885F8C6}.Release|Any CPU.ActiveCfg = Release|Any CPU
		{C3915A32-1275-4F82-ADC6-CE347885F8C6}.Release|Any CPU.Build.0 = Release|Any CPU
	EndGlobalSection
	GlobalSection(SolutionProperties) = preSolution
		HideSolutionNode = FALSE
	EndGlobalSection
	GlobalSection(ExtensibilityGlobals) = postSolution
		SolutionGuid = {1A8FA168-02D6-409B-A1EB-FCDF397A7C8A}
	EndGlobalSection
EndGlobal
