
Microsoft Visual Studio Solution File, Format Version 12.00
# Visual Studio Version 17
VisualStudioVersion = 17.1.32210.238
MinimumVisualStudioVersion = 10.0.40219.1
Project("{FAE04EC0-301F-11D3-BF4B-00C04F79EFBC}") = "220524_value_Exception", "220524_value_Exception\220524_value_Exception.csproj", "{B3985DFD-B290-45CB-8980-73EA40C86724}"
EndProject
Global
	GlobalSection(SolutionConfigurationPlatforms) = preSolution
		Debug|Any CPU = Debug|Any CPU
		Release|Any CPU = Release|Any CPU
	EndGlobalSection
	GlobalSection(ProjectConfigurationPlatforms) = postSolution
		{B3985DFD-B290-45CB-8980-73EA40C86724}.Debug|Any CPU.ActiveCfg = Debug|Any CPU
		{B3985DFD-B290-45CB-8980-73EA40C86724}.Debug|Any CPU.Build.0 = Debug|Any CPU
		{B3985DFD-B290-45CB-8980-73EA40C86724}.Release|Any CPU.ActiveCfg = Release|Any CPU
		{B3985DFD-B290-45CB-8980-73EA40C86724}.Release|Any CPU.Build.0 = Release|Any CPU
	EndGlobalSection
	GlobalSection(SolutionProperties) = preSolution
		HideSolutionNode = FALSE
	EndGlobalSection
	GlobalSection(ExtensibilityGlobals) = postSolution
		SolutionGuid = {ACD6D775-66BF-4026-BCAB-61231CBDC799}
	EndGlobalSection
EndGlobal
