
Microsoft Visual Studio Solution File, Format Version 12.00
# Visual Studio Version 17
VisualStudioVersion = 17.6.33712.159
MinimumVisualStudioVersion = 10.0.40219.1
Project("{FAE04EC0-301F-11D3-BF4B-00C04F79EFBC}") = "WPF_Hosting_Test2", "WPF_Hosting_Test2\WPF_Hosting_Test2.csproj", "{C04B43C6-28C5-4A51-8FB2-557529742F1F}"
EndProject
Global
	GlobalSection(SolutionConfigurationPlatforms) = preSolution
		Debug|Any CPU = Debug|Any CPU
		Release|Any CPU = Release|Any CPU
	EndGlobalSection
	GlobalSection(ProjectConfigurationPlatforms) = postSolution
		{C04B43C6-28C5-4A51-8FB2-557529742F1F}.Debug|Any CPU.ActiveCfg = Debug|Any CPU
		{C04B43C6-28C5-4A51-8FB2-557529742F1F}.Debug|Any CPU.Build.0 = Debug|Any CPU
		{C04B43C6-28C5-4A51-8FB2-557529742F1F}.Release|Any CPU.ActiveCfg = Release|Any CPU
		{C04B43C6-28C5-4A51-8FB2-557529742F1F}.Release|Any CPU.Build.0 = Release|Any CPU
	EndGlobalSection
	GlobalSection(SolutionProperties) = preSolution
		HideSolutionNode = FALSE
	EndGlobalSection
	GlobalSection(ExtensibilityGlobals) = postSolution
		SolutionGuid = {F9897632-08E4-44C1-9DA0-BE8DA4F3826A}
	EndGlobalSection
EndGlobal
